
Microsoft Visual Studio Solution File, Format Version 12.00
# Visual Studio Version 17
VisualStudioVersion = 17.0.32112.339
MinimumVisualStudioVersion = 10.0.40219.1
Project("{9A19103F-16F7-4668-BE54-9A1E7A4F7556}") = "dzTmaSvet", "dzGeroiMechaIMagii\dzTmaSvet.csproj", "{EC18367F-F0A8-42D0-8CF7-9C358EA4C0FA}"
EndProject
Project("{8BC9CEB8-8B4A-11D0-8D11-00A0C91BC942}") = "LibraryOfGame", "LibraryOfGame\LibraryOfGame.vcxproj", "{40811ACC-27E9-4688-B259-084EE3DB2B70}"
EndProject
Project("{FAE04EC0-301F-11D3-BF4B-00C04F79EFBC}") = "AsyncServer", "AsyncServer\AsyncServer.csproj", "{3A43B2D4-BA8E-4A71-B560-BCECB6A3785D}"
EndProject
Project("{FAE04EC0-301F-11D3-BF4B-00C04F79EFBC}") = "MessageLibrary", "MessageLibrary\MessageLibrary.csproj", "{1FB16189-8D14-4C0C-AF9D-AF26B57E19A0}"
EndProject
Project("{FAE04EC0-301F-11D3-BF4B-00C04F79EFBC}") = "XmlMapOfNetworkWithIpAndMac", "XmlMapOfNetworkWithIpAndMac\XmlMapOfNetworkWithIpAndMac.csproj", "{B1E5EB86-77EF-4F60-BBF6-8CFA1C2E40E7}"
EndProject
Project("{9A19103F-16F7-4668-BE54-9A1E7A4F7556}") = "RecipeAdviser.ClientView", "RecipeAdviser\RecipeAdviser.ClientView.csproj", "{6161DE9B-874E-4D86-B64C-4C069B97EE86}"
EndProject
Project("{FAE04EC0-301F-11D3-BF4B-00C04F79EFBC}") = "RecipeAdviser.Domain", "RecipeAdviser.Domain\RecipeAdviser.Domain.csproj", "{385ED62A-F412-4186-8C6E-67B1372958D6}"
EndProject
Project("{2150E333-8FDC-42A3-9474-1A3956D46DE8}") = "RecipeAdviser", "RecipeAdviser", "{1082F26D-51D6-4BB9-AD1B-6096FB4A0166}"
EndProject
Project("{2150E333-8FDC-42A3-9474-1A3956D46DE8}") = "XmlMapOfNet", "XmlMapOfNet", "{70B96CA4-F583-440F-A761-3D6815CD550D}"
EndProject
Project("{2150E333-8FDC-42A3-9474-1A3956D46DE8}") = "Game", "Game", "{26859E0E-9DA0-47E3-80FF-FCEB2EA4F3E7}"
EndProject
Project("{FAE04EC0-301F-11D3-BF4B-00C04F79EFBC}") = "RecipeAdviserClientTest", "RecipeAdviserClientTest\RecipeAdviserClientTest.csproj", "{DE5407C4-97F2-45CD-8965-FEA5A0447CF8}"
EndProject
Project("{FAE04EC0-301F-11D3-BF4B-00C04F79EFBC}") = "RecipeAdviser.ServerView", "RecipeAdviser.ServerView\RecipeAdviser.ServerView.csproj", "{B2446858-AD83-4827-B3D3-061CA0F441CA}"
EndProject
Global
	GlobalSection(SolutionConfigurationPlatforms) = preSolution
		Debug|Any CPU = Debug|Any CPU
		Debug|x64 = Debug|x64
		Debug|x86 = Debug|x86
		Release|Any CPU = Release|Any CPU
		Release|x64 = Release|x64
		Release|x86 = Release|x86
	EndGlobalSection
	GlobalSection(ProjectConfigurationPlatforms) = postSolution
		{EC18367F-F0A8-42D0-8CF7-9C358EA4C0FA}.Debug|Any CPU.ActiveCfg = Debug|Any CPU
		{EC18367F-F0A8-42D0-8CF7-9C358EA4C0FA}.Debug|Any CPU.Build.0 = Debug|Any CPU
		{EC18367F-F0A8-42D0-8CF7-9C358EA4C0FA}.Debug|x64.ActiveCfg = Debug|Any CPU
		{EC18367F-F0A8-42D0-8CF7-9C358EA4C0FA}.Debug|x64.Build.0 = Debug|Any CPU
		{EC18367F-F0A8-42D0-8CF7-9C358EA4C0FA}.Debug|x86.ActiveCfg = Debug|Any CPU
		{EC18367F-F0A8-42D0-8CF7-9C358EA4C0FA}.Debug|x86.Build.0 = Debug|Any CPU
		{EC18367F-F0A8-42D0-8CF7-9C358EA4C0FA}.Release|Any CPU.ActiveCfg = Release|Any CPU
		{EC18367F-F0A8-42D0-8CF7-9C358EA4C0FA}.Release|Any CPU.Build.0 = Release|Any CPU
		{EC18367F-F0A8-42D0-8CF7-9C358EA4C0FA}.Release|x64.ActiveCfg = Release|Any CPU
		{EC18367F-F0A8-42D0-8CF7-9C358EA4C0FA}.Release|x64.Build.0 = Release|Any CPU
		{EC18367F-F0A8-42D0-8CF7-9C358EA4C0FA}.Release|x86.ActiveCfg = Release|Any CPU
		{EC18367F-F0A8-42D0-8CF7-9C358EA4C0FA}.Release|x86.Build.0 = Release|Any CPU
		{40811ACC-27E9-4688-B259-084EE3DB2B70}.Debug|Any CPU.ActiveCfg = Debug|x64
		{40811ACC-27E9-4688-B259-084EE3DB2B70}.Debug|Any CPU.Build.0 = Debug|x64
		{40811ACC-27E9-4688-B259-084EE3DB2B70}.Debug|x64.ActiveCfg = Debug|x64
		{40811ACC-27E9-4688-B259-084EE3DB2B70}.Debug|x64.Build.0 = Debug|x64
		{40811ACC-27E9-4688-B259-084EE3DB2B70}.Debug|x86.ActiveCfg = Debug|Win32
		{40811ACC-27E9-4688-B259-084EE3DB2B70}.Debug|x86.Build.0 = Debug|Win32
		{40811ACC-27E9-4688-B259-084EE3DB2B70}.Release|Any CPU.ActiveCfg = Release|x64
		{40811ACC-27E9-4688-B259-084EE3DB2B70}.Release|Any CPU.Build.0 = Release|x64
		{40811ACC-27E9-4688-B259-084EE3DB2B70}.Release|x64.ActiveCfg = Release|x64
		{40811ACC-27E9-4688-B259-084EE3DB2B70}.Release|x64.Build.0 = Release|x64
		{40811ACC-27E9-4688-B259-084EE3DB2B70}.Release|x86.ActiveCfg = Release|Win32
		{40811ACC-27E9-4688-B259-084EE3DB2B70}.Release|x86.Build.0 = Release|Win32
		{3A43B2D4-BA8E-4A71-B560-BCECB6A3785D}.Debug|Any CPU.ActiveCfg = Debug|Any CPU
		{3A43B2D4-BA8E-4A71-B560-BCECB6A3785D}.Debug|Any CPU.Build.0 = Debug|Any CPU
		{3A43B2D4-BA8E-4A71-B560-BCECB6A3785D}.Debug|x64.ActiveCfg = Debug|Any CPU
		{3A43B2D4-BA8E-4A71-B560-BCECB6A3785D}.Debug|x64.Build.0 = Debug|Any CPU
		{3A43B2D4-BA8E-4A71-B560-BCECB6A3785D}.Debug|x86.ActiveCfg = Debug|Any CPU
		{3A43B2D4-BA8E-4A71-B560-BCECB6A3785D}.Debug|x86.Build.0 = Debug|Any CPU
		{3A43B2D4-BA8E-4A71-B560-BCECB6A3785D}.Release|Any CPU.ActiveCfg = Release|Any CPU
		{3A43B2D4-BA8E-4A71-B560-BCECB6A3785D}.Release|Any CPU.Build.0 = Release|Any CPU
		{3A43B2D4-BA8E-4A71-B560-BCECB6A3785D}.Release|x64.ActiveCfg = Release|Any CPU
		{3A43B2D4-BA8E-4A71-B560-BCECB6A3785D}.Release|x64.Build.0 = Release|Any CPU
		{3A43B2D4-BA8E-4A71-B560-BCECB6A3785D}.Release|x86.ActiveCfg = Release|Any CPU
		{3A43B2D4-BA8E-4A71-B560-BCECB6A3785D}.Release|x86.Build.0 = Release|Any CPU
		{1FB16189-8D14-4C0C-AF9D-AF26B57E19A0}.Debug|Any CPU.ActiveCfg = Debug|Any CPU
		{1FB16189-8D14-4C0C-AF9D-AF26B57E19A0}.Debug|Any CPU.Build.0 = Debug|Any CPU
		{1FB16189-8D14-4C0C-AF9D-AF26B57E19A0}.Debug|x64.ActiveCfg = Debug|Any CPU
		{1FB16189-8D14-4C0C-AF9D-AF26B57E19A0}.Debug|x64.Build.0 = Debug|Any CPU
		{1FB16189-8D14-4C0C-AF9D-AF26B57E19A0}.Debug|x86.ActiveCfg = Debug|Any CPU
		{1FB16189-8D14-4C0C-AF9D-AF26B57E19A0}.Debug|x86.Build.0 = Debug|Any CPU
		{1FB16189-8D14-4C0C-AF9D-AF26B57E19A0}.Release|Any CPU.ActiveCfg = Release|Any CPU
		{1FB16189-8D14-4C0C-AF9D-AF26B57E19A0}.Release|Any CPU.Build.0 = Release|Any CPU
		{1FB16189-8D14-4C0C-AF9D-AF26B57E19A0}.Release|x64.ActiveCfg = Release|Any CPU
		{1FB16189-8D14-4C0C-AF9D-AF26B57E19A0}.Release|x64.Build.0 = Release|Any CPU
		{1FB16189-8D14-4C0C-AF9D-AF26B57E19A0}.Release|x86.ActiveCfg = Release|Any CPU
		{1FB16189-8D14-4C0C-AF9D-AF26B57E19A0}.Release|x86.Build.0 = Release|Any CPU
		{B1E5EB86-77EF-4F60-BBF6-8CFA1C2E40E7}.Debug|Any CPU.ActiveCfg = Debug|Any CPU
		{B1E5EB86-77EF-4F60-BBF6-8CFA1C2E40E7}.Debug|Any CPU.Build.0 = Debug|Any CPU
		{B1E5EB86-77EF-4F60-BBF6-8CFA1C2E40E7}.Debug|x64.ActiveCfg = Debug|Any CPU
		{B1E5EB86-77EF-4F60-BBF6-8CFA1C2E40E7}.Debug|x64.Build.0 = Debug|Any CPU
		{B1E5EB86-77EF-4F60-BBF6-8CFA1C2E40E7}.Debug|x86.ActiveCfg = Debug|Any CPU
		{B1E5EB86-77EF-4F60-BBF6-8CFA1C2E40E7}.Debug|x86.Build.0 = Debug|Any CPU
		{B1E5EB86-77EF-4F60-BBF6-8CFA1C2E40E7}.Release|Any CPU.ActiveCfg = Release|Any CPU
		{B1E5EB86-77EF-4F60-BBF6-8CFA1C2E40E7}.Release|Any CPU.Build.0 = Release|Any CPU
		{B1E5EB86-77EF-4F60-BBF6-8CFA1C2E40E7}.Release|x64.ActiveCfg = Release|Any CPU
		{B1E5EB86-77EF-4F60-BBF6-8CFA1C2E40E7}.Release|x64.Build.0 = Release|Any CPU
		{B1E5EB86-77EF-4F60-BBF6-8CFA1C2E40E7}.Release|x86.ActiveCfg = Release|Any CPU
		{B1E5EB86-77EF-4F60-BBF6-8CFA1C2E40E7}.Release|x86.Build.0 = Release|Any CPU
		{6161DE9B-874E-4D86-B64C-4C069B97EE86}.Debug|Any CPU.ActiveCfg = Debug|Any CPU
		{6161DE9B-874E-4D86-B64C-4C069B97EE86}.Debug|Any CPU.Build.0 = Debug|Any CPU
		{6161DE9B-874E-4D86-B64C-4C069B97EE86}.Debug|x64.ActiveCfg = Debug|Any CPU
		{6161DE9B-874E-4D86-B64C-4C069B97EE86}.Debug|x64.Build.0 = Debug|Any CPU
		{6161DE9B-874E-4D86-B64C-4C069B97EE86}.Debug|x86.ActiveCfg = Debug|Any CPU
		{6161DE9B-874E-4D86-B64C-4C069B97EE86}.Debug|x86.Build.0 = Debug|Any CPU
		{6161DE9B-874E-4D86-B64C-4C069B97EE86}.Release|Any CPU.ActiveCfg = Release|Any CPU
		{6161DE9B-874E-4D86-B64C-4C069B97EE86}.Release|Any CPU.Build.0 = Release|Any CPU
		{6161DE9B-874E-4D86-B64C-4C069B97EE86}.Release|x64.ActiveCfg = Release|Any CPU
		{6161DE9B-874E-4D86-B64C-4C069B97EE86}.Release|x64.Build.0 = Release|Any CPU
		{6161DE9B-874E-4D86-B64C-4C069B97EE86}.Release|x86.ActiveCfg = Release|Any CPU
		{6161DE9B-874E-4D86-B64C-4C069B97EE86}.Release|x86.Build.0 = Release|Any CPU
		{385ED62A-F412-4186-8C6E-67B1372958D6}.Debug|Any CPU.ActiveCfg = Debug|Any CPU
		{385ED62A-F412-4186-8C6E-67B1372958D6}.Debug|Any CPU.Build.0 = Debug|Any CPU
		{385ED62A-F412-4186-8C6E-67B1372958D6}.Debug|x64.ActiveCfg = Debug|Any CPU
		{385ED62A-F412-4186-8C6E-67B1372958D6}.Debug|x64.Build.0 = Debug|Any CPU
		{385ED62A-F412-4186-8C6E-67B1372958D6}.Debug|x86.ActiveCfg = Debug|Any CPU
		{385ED62A-F412-4186-8C6E-67B1372958D6}.Debug|x86.Build.0 = Debug|Any CPU
		{385ED62A-F412-4186-8C6E-67B1372958D6}.Release|Any CPU.ActiveCfg = Release|Any CPU
		{385ED62A-F412-4186-8C6E-67B1372958D6}.Release|Any CPU.Build.0 = Release|Any CPU
		{385ED62A-F412-4186-8C6E-67B1372958D6}.Release|x64.ActiveCfg = Release|Any CPU
		{385ED62A-F412-4186-8C6E-67B1372958D6}.Release|x64.Build.0 = Release|Any CPU
		{385ED62A-F412-4186-8C6E-67B1372958D6}.Release|x86.ActiveCfg = Release|Any CPU
		{385ED62A-F412-4186-8C6E-67B1372958D6}.Release|x86.Build.0 = Release|Any CPU
		{DE5407C4-97F2-45CD-8965-FEA5A0447CF8}.Debug|Any CPU.ActiveCfg = Debug|Any CPU
		{DE5407C4-97F2-45CD-8965-FEA5A0447CF8}.Debug|Any CPU.Build.0 = Debug|Any CPU
		{DE5407C4-97F2-45CD-8965-FEA5A0447CF8}.Debug|x64.ActiveCfg = Debug|Any CPU
		{DE5407C4-97F2-45CD-8965-FEA5A0447CF8}.Debug|x64.Build.0 = Debug|Any CPU
		{DE5407C4-97F2-45CD-8965-FEA5A0447CF8}.Debug|x86.ActiveCfg = Debug|Any CPU
		{DE5407C4-97F2-45CD-8965-FEA5A0447CF8}.Debug|x86.Build.0 = Debug|Any CPU
		{DE5407C4-97F2-45CD-8965-FEA5A0447CF8}.Release|Any CPU.ActiveCfg = Release|Any CPU
		{DE5407C4-97F2-45CD-8965-FEA5A0447CF8}.Release|Any CPU.Build.0 = Release|Any CPU
		{DE5407C4-97F2-45CD-8965-FEA5A0447CF8}.Release|x64.ActiveCfg = Release|Any CPU
		{DE5407C4-97F2-45CD-8965-FEA5A0447CF8}.Release|x64.Build.0 = Release|Any CPU
		{DE5407C4-97F2-45CD-8965-FEA5A0447CF8}.Release|x86.ActiveCfg = Release|Any CPU
		{DE5407C4-97F2-45CD-8965-FEA5A0447CF8}.Release|x86.Build.0 = Release|Any CPU
		{B2446858-AD83-4827-B3D3-061CA0F441CA}.Debug|Any CPU.ActiveCfg = Debug|Any CPU
		{B2446858-AD83-4827-B3D3-061CA0F441CA}.Debug|Any CPU.Build.0 = Debug|Any CPU
		{B2446858-AD83-4827-B3D3-061CA0F441CA}.Debug|x64.ActiveCfg = Debug|Any CPU
		{B2446858-AD83-4827-B3D3-061CA0F441CA}.Debug|x64.Build.0 = Debug|Any CPU
		{B2446858-AD83-4827-B3D3-061CA0F441CA}.Debug|x86.ActiveCfg = Debug|Any CPU
		{B2446858-AD83-4827-B3D3-061CA0F441CA}.Debug|x86.Build.0 = Debug|Any CPU
		{B2446858-AD83-4827-B3D3-061CA0F441CA}.Release|Any CPU.ActiveCfg = Release|Any CPU
		{B2446858-AD83-4827-B3D3-061CA0F441CA}.Release|Any CPU.Build.0 = Release|Any CPU
		{B2446858-AD83-4827-B3D3-061CA0F441CA}.Release|x64.ActiveCfg = Release|Any CPU
		{B2446858-AD83-4827-B3D3-061CA0F441CA}.Release|x64.Build.0 = Release|Any CPU
		{B2446858-AD83-4827-B3D3-061CA0F441CA}.Release|x86.ActiveCfg = Release|Any CPU
		{B2446858-AD83-4827-B3D3-061CA0F441CA}.Release|x86.Build.0 = Release|Any CPU
	EndGlobalSection
	GlobalSection(SolutionProperties) = preSolution
		HideSolutionNode = FALSE
	EndGlobalSection
	GlobalSection(NestedProjects) = preSolution
		{EC18367F-F0A8-42D0-8CF7-9C358EA4C0FA} = {26859E0E-9DA0-47E3-80FF-FCEB2EA4F3E7}
		{40811ACC-27E9-4688-B259-084EE3DB2B70} = {26859E0E-9DA0-47E3-80FF-FCEB2EA4F3E7}
		{B1E5EB86-77EF-4F60-BBF6-8CFA1C2E40E7} = {70B96CA4-F583-440F-A761-3D6815CD550D}
		{6161DE9B-874E-4D86-B64C-4C069B97EE86} = {1082F26D-51D6-4BB9-AD1B-6096FB4A0166}
		{385ED62A-F412-4186-8C6E-67B1372958D6} = {1082F26D-51D6-4BB9-AD1B-6096FB4A0166}
		{DE5407C4-97F2-45CD-8965-FEA5A0447CF8} = {1082F26D-51D6-4BB9-AD1B-6096FB4A0166}
		{B2446858-AD83-4827-B3D3-061CA0F441CA} = {1082F26D-51D6-4BB9-AD1B-6096FB4A0166}
	EndGlobalSection
	GlobalSection(ExtensibilityGlobals) = postSolution
		SolutionGuid = {31992D26-2627-4B39-95ED-79400E357E9D}
	EndGlobalSection
EndGlobal
