
Microsoft Visual Studio Solution File, Format Version 12.00
# Visual Studio Version 16
VisualStudioVersion = 16.0.32413.511
MinimumVisualStudioVersion = 10.0.40219.1
Project("{FAE04EC0-301F-11D3-BF4B-00C04F79EFBC}") = "Lan4Test", "Lan4Test\Lan4Test.csproj", "{3A4D5A78-7D40-4802-9582-8C3245EF87D6}"
EndProject
Project("{FAE04EC0-301F-11D3-BF4B-00C04F79EFBC}") = "Lan4TcpClient", "Lan4TcpClient\Lan4TcpClient.csproj", "{62D27B46-AF6F-4B6B-9063-4189CDFAE011}"
EndProject
Project("{FAE04EC0-301F-11D3-BF4B-00C04F79EFBC}") = "MessageLibrary", "MessageLibrary\MessageLibrary.csproj", "{1FB16189-8D14-4C0C-AF9D-AF26B57E19A0}"
EndProject
Global
	GlobalSection(SolutionConfigurationPlatforms) = preSolution
		Debug|Any CPU = Debug|Any CPU
		Release|Any CPU = Release|Any CPU
	EndGlobalSection
	GlobalSection(ProjectConfigurationPlatforms) = postSolution
		{3A4D5A78-7D40-4802-9582-8C3245EF87D6}.Debug|Any CPU.ActiveCfg = Debug|Any CPU
		{3A4D5A78-7D40-4802-9582-8C3245EF87D6}.Debug|Any CPU.Build.0 = Debug|Any CPU
		{3A4D5A78-7D40-4802-9582-8C3245EF87D6}.Release|Any CPU.ActiveCfg = Release|Any CPU
		{3A4D5A78-7D40-4802-9582-8C3245EF87D6}.Release|Any CPU.Build.0 = Release|Any CPU
		{62D27B46-AF6F-4B6B-9063-4189CDFAE011}.Debug|Any CPU.ActiveCfg = Debug|Any CPU
		{62D27B46-AF6F-4B6B-9063-4189CDFAE011}.Debug|Any CPU.Build.0 = Debug|Any CPU
		{62D27B46-AF6F-4B6B-9063-4189CDFAE011}.Release|Any CPU.ActiveCfg = Release|Any CPU
		{62D27B46-AF6F-4B6B-9063-4189CDFAE011}.Release|Any CPU.Build.0 = Release|Any CPU
		{1FB16189-8D14-4C0C-AF9D-AF26B57E19A0}.Debug|Any CPU.ActiveCfg = Debug|Any CPU
		{1FB16189-8D14-4C0C-AF9D-AF26B57E19A0}.Debug|Any CPU.Build.0 = Debug|Any CPU
		{1FB16189-8D14-4C0C-AF9D-AF26B57E19A0}.Release|Any CPU.ActiveCfg = Release|Any CPU
		{1FB16189-8D14-4C0C-AF9D-AF26B57E19A0}.Release|Any CPU.Build.0 = Release|Any CPU
	EndGlobalSection
	GlobalSection(SolutionProperties) = preSolution
		HideSolutionNode = FALSE
	EndGlobalSection
	GlobalSection(ExtensibilityGlobals) = postSolution
		SolutionGuid = {335F25DB-6F71-4993-8904-64ECB05BA5F4}
	EndGlobalSection
EndGlobal
